
Microsoft Visual Studio Solution File, Format Version 12.00
# Visual Studio Version 17
VisualStudioVersion = 17.9.34728.123
MinimumVisualStudioVersion = 10.0.40219.1
Project("{FAE04EC0-301F-11D3-BF4B-00C04F79EFBC}") = "Fabian-FileManager", "Fabian-FileManager\Fabian-FileManager.csproj", "{A5C0729A-611A-486C-99C6-FA61B56EDF13}"
EndProject
Global
	GlobalSection(SolutionConfigurationPlatforms) = preSolution
		Debug|Any CPU = Debug|Any CPU
		Release|Any CPU = Release|Any CPU
	EndGlobalSection
	GlobalSection(ProjectConfigurationPlatforms) = postSolution
		{A5C0729A-611A-486C-99C6-FA61B56EDF13}.Debug|Any CPU.ActiveCfg = Debug|Any CPU
		{A5C0729A-611A-486C-99C6-FA61B56EDF13}.Debug|Any CPU.Build.0 = Debug|Any CPU
		{A5C0729A-611A-486C-99C6-FA61B56EDF13}.Release|Any CPU.ActiveCfg = Release|Any CPU
		{A5C0729A-611A-486C-99C6-FA61B56EDF13}.Release|Any CPU.Build.0 = Release|Any CPU
	EndGlobalSection
	GlobalSection(SolutionProperties) = preSolution
		HideSolutionNode = FALSE
	EndGlobalSection
	GlobalSection(ExtensibilityGlobals) = postSolution
		SolutionGuid = {4CD877D2-6F73-4612-AC8B-01251FA569B3}
	EndGlobalSection
EndGlobal
